
Microsoft Visual Studio Solution File, Format Version 12.00
# Visual Studio Version 16
VisualStudioVersion = 16.0.30611.23
MinimumVisualStudioVersion = 10.0.40219.1
Project("{9A19103F-16F7-4668-BE54-9A1E7A4F7556}") = "KampIntro-13012020", "myProject1-13012020\KampIntro-13012020.csproj", "{F9DABF7A-C1EF-4E5D-B6AA-12ADA5E1B9FB}"
EndProject
Project("{9A19103F-16F7-4668-BE54-9A1E7A4F7556}") = "classIntro-13012020", "classIntro-13012020\classIntro-13012020.csproj", "{5CEECABA-3836-4ABE-908D-39919EE4C307}"
EndProject
Project("{9A19103F-16F7-4668-BE54-9A1E7A4F7556}") = "Metotlar-16012020", "Metotlar-16012020\Metotlar-16012020.csproj", "{BC80B198-175F-4715-B9C2-B67F4B4D7179}"
EndProject
Project("{9A19103F-16F7-4668-BE54-9A1E7A4F7556}") = "Matematik-16012020", "Matematik-16012020\Matematik-16012020.csproj", "{D16427C2-E65D-4EC9-876E-0C57B2FA95BB}"
EndProject
Project("{9A19103F-16F7-4668-BE54-9A1E7A4F7556}") = "DegerVeReferansTipler-16012020", "DegerVeReferansTipler-16012020\DegerVeReferansTipler-16012020.csproj", "{A8E03D93-EB9C-4AB7-9379-CF03307F6E05}"
EndProject
Project("{FAE04EC0-301F-11D3-BF4B-00C04F79EFBC}") = "Oop2-23012020", "Oop2\Oop2-23012020.csproj", "{87FC9B72-B343-4731-9D1C-44EAD51C9E95}"
EndProject
Project("{FAE04EC0-301F-11D3-BF4B-00C04F79EFBC}") = "Oop3", "Oop3\Oop3.csproj", "{B8FF3D78-3EA8-43E2-B4F2-9E617B914E7C}"
EndProject
Global
	GlobalSection(SolutionConfigurationPlatforms) = preSolution
		Debug|Any CPU = Debug|Any CPU
		Release|Any CPU = Release|Any CPU
	EndGlobalSection
	GlobalSection(ProjectConfigurationPlatforms) = postSolution
		{F9DABF7A-C1EF-4E5D-B6AA-12ADA5E1B9FB}.Debug|Any CPU.ActiveCfg = Debug|Any CPU
		{F9DABF7A-C1EF-4E5D-B6AA-12ADA5E1B9FB}.Debug|Any CPU.Build.0 = Debug|Any CPU
		{F9DABF7A-C1EF-4E5D-B6AA-12ADA5E1B9FB}.Release|Any CPU.ActiveCfg = Release|Any CPU
		{F9DABF7A-C1EF-4E5D-B6AA-12ADA5E1B9FB}.Release|Any CPU.Build.0 = Release|Any CPU
		{5CEECABA-3836-4ABE-908D-39919EE4C307}.Debug|Any CPU.ActiveCfg = Debug|Any CPU
		{5CEECABA-3836-4ABE-908D-39919EE4C307}.Debug|Any CPU.Build.0 = Debug|Any CPU
		{5CEECABA-3836-4ABE-908D-39919EE4C307}.Release|Any CPU.ActiveCfg = Release|Any CPU
		{5CEECABA-3836-4ABE-908D-39919EE4C307}.Release|Any CPU.Build.0 = Release|Any CPU
		{BC80B198-175F-4715-B9C2-B67F4B4D7179}.Debug|Any CPU.ActiveCfg = Debug|Any CPU
		{BC80B198-175F-4715-B9C2-B67F4B4D7179}.Debug|Any CPU.Build.0 = Debug|Any CPU
		{BC80B198-175F-4715-B9C2-B67F4B4D7179}.Release|Any CPU.ActiveCfg = Release|Any CPU
		{BC80B198-175F-4715-B9C2-B67F4B4D7179}.Release|Any CPU.Build.0 = Release|Any CPU
		{D16427C2-E65D-4EC9-876E-0C57B2FA95BB}.Debug|Any CPU.ActiveCfg = Debug|Any CPU
		{D16427C2-E65D-4EC9-876E-0C57B2FA95BB}.Debug|Any CPU.Build.0 = Debug|Any CPU
		{D16427C2-E65D-4EC9-876E-0C57B2FA95BB}.Release|Any CPU.ActiveCfg = Release|Any CPU
		{D16427C2-E65D-4EC9-876E-0C57B2FA95BB}.Release|Any CPU.Build.0 = Release|Any CPU
		{A8E03D93-EB9C-4AB7-9379-CF03307F6E05}.Debug|Any CPU.ActiveCfg = Debug|Any CPU
		{A8E03D93-EB9C-4AB7-9379-CF03307F6E05}.Debug|Any CPU.Build.0 = Debug|Any CPU
		{A8E03D93-EB9C-4AB7-9379-CF03307F6E05}.Release|Any CPU.ActiveCfg = Release|Any CPU
		{A8E03D93-EB9C-4AB7-9379-CF03307F6E05}.Release|Any CPU.Build.0 = Release|Any CPU
		{87FC9B72-B343-4731-9D1C-44EAD51C9E95}.Debug|Any CPU.ActiveCfg = Debug|Any CPU
		{87FC9B72-B343-4731-9D1C-44EAD51C9E95}.Debug|Any CPU.Build.0 = Debug|Any CPU
		{87FC9B72-B343-4731-9D1C-44EAD51C9E95}.Release|Any CPU.ActiveCfg = Release|Any CPU
		{87FC9B72-B343-4731-9D1C-44EAD51C9E95}.Release|Any CPU.Build.0 = Release|Any CPU
		{B8FF3D78-3EA8-43E2-B4F2-9E617B914E7C}.Debug|Any CPU.ActiveCfg = Debug|Any CPU
		{B8FF3D78-3EA8-43E2-B4F2-9E617B914E7C}.Debug|Any CPU.Build.0 = Debug|Any CPU
		{B8FF3D78-3EA8-43E2-B4F2-9E617B914E7C}.Release|Any CPU.ActiveCfg = Release|Any CPU
		{B8FF3D78-3EA8-43E2-B4F2-9E617B914E7C}.Release|Any CPU.Build.0 = Release|Any CPU
	EndGlobalSection
	GlobalSection(SolutionProperties) = preSolution
		HideSolutionNode = FALSE
	EndGlobalSection
	GlobalSection(ExtensibilityGlobals) = postSolution
		SolutionGuid = {B6669A65-D79C-4EB8-B77F-651183AFDB53}
	EndGlobalSection
EndGlobal
